
Microsoft Visual Studio Solution File, Format Version 12.00
# Visual Studio Version 17
VisualStudioVersion = 17.13.35913.81
MinimumVisualStudioVersion = 10.0.40219.1
Project("{FAE04EC0-301F-11D3-BF4B-00C04F79EFBC}") = "Core", "Core\Core.csproj", "{734C7125-ABA1-41B2-A096-9E5CCCB0E576}"
EndProject
Project("{FAE04EC0-301F-11D3-BF4B-00C04F79EFBC}") = "Application", "Application\Application.csproj", "{F9A1C481-3436-4855-B860-E69A23E31F00}"
EndProject
Project("{FAE04EC0-301F-11D3-BF4B-00C04F79EFBC}") = "Domain", "Domain\Domain.csproj", "{C5539FAF-792F-47B5-84D4-DFAC63BE84B0}"
EndProject
Project("{FAE04EC0-301F-11D3-BF4B-00C04F79EFBC}") = "Infrastructure", "Infrastructure\Infrastructure.csproj", "{0C2C7EFA-AAD0-4F3D-8246-2EA151FAFCF7}"
EndProject
Project("{FAE04EC0-301F-11D3-BF4B-00C04F79EFBC}") = "Presentation", "Presentation\Presentation.csproj", "{1B2A7324-F838-4F18-8558-8124FC599FDE}"
EndProject
Global
	GlobalSection(SolutionConfigurationPlatforms) = preSolution
		Debug|Any CPU = Debug|Any CPU
		Release|Any CPU = Release|Any CPU
	EndGlobalSection
	GlobalSection(ProjectConfigurationPlatforms) = postSolution
		{734C7125-ABA1-41B2-A096-9E5CCCB0E576}.Debug|Any CPU.ActiveCfg = Debug|Any CPU
		{734C7125-ABA1-41B2-A096-9E5CCCB0E576}.Debug|Any CPU.Build.0 = Debug|Any CPU
		{734C7125-ABA1-41B2-A096-9E5CCCB0E576}.Release|Any CPU.ActiveCfg = Release|Any CPU
		{734C7125-ABA1-41B2-A096-9E5CCCB0E576}.Release|Any CPU.Build.0 = Release|Any CPU
		{F9A1C481-3436-4855-B860-E69A23E31F00}.Debug|Any CPU.ActiveCfg = Debug|Any CPU
		{F9A1C481-3436-4855-B860-E69A23E31F00}.Debug|Any CPU.Build.0 = Debug|Any CPU
		{F9A1C481-3436-4855-B860-E69A23E31F00}.Release|Any CPU.ActiveCfg = Release|Any CPU
		{F9A1C481-3436-4855-B860-E69A23E31F00}.Release|Any CPU.Build.0 = Release|Any CPU
		{C5539FAF-792F-47B5-84D4-DFAC63BE84B0}.Debug|Any CPU.ActiveCfg = Debug|Any CPU
		{C5539FAF-792F-47B5-84D4-DFAC63BE84B0}.Debug|Any CPU.Build.0 = Debug|Any CPU
		{C5539FAF-792F-47B5-84D4-DFAC63BE84B0}.Release|Any CPU.ActiveCfg = Release|Any CPU
		{C5539FAF-792F-47B5-84D4-DFAC63BE84B0}.Release|Any CPU.Build.0 = Release|Any CPU
		{0C2C7EFA-AAD0-4F3D-8246-2EA151FAFCF7}.Debug|Any CPU.ActiveCfg = Debug|Any CPU
		{0C2C7EFA-AAD0-4F3D-8246-2EA151FAFCF7}.Debug|Any CPU.Build.0 = Debug|Any CPU
		{0C2C7EFA-AAD0-4F3D-8246-2EA151FAFCF7}.Release|Any CPU.ActiveCfg = Release|Any CPU
		{0C2C7EFA-AAD0-4F3D-8246-2EA151FAFCF7}.Release|Any CPU.Build.0 = Release|Any CPU
		{1B2A7324-F838-4F18-8558-8124FC599FDE}.Debug|Any CPU.ActiveCfg = Debug|Any CPU
		{1B2A7324-F838-4F18-8558-8124FC599FDE}.Debug|Any CPU.Build.0 = Debug|Any CPU
		{1B2A7324-F838-4F18-8558-8124FC599FDE}.Release|Any CPU.ActiveCfg = Release|Any CPU
		{1B2A7324-F838-4F18-8558-8124FC599FDE}.Release|Any CPU.Build.0 = Release|Any CPU
	EndGlobalSection
	GlobalSection(SolutionProperties) = preSolution
		HideSolutionNode = FALSE
	EndGlobalSection
	GlobalSection(ExtensibilityGlobals) = postSolution
		SolutionGuid = {0C2036F6-DACC-4755-B8B4-FCF189CBEA27}
	EndGlobalSection
EndGlobal
