
Microsoft Visual Studio Solution File, Format Version 12.00
Project("{FAE04EC0-301F-11D3-BF4B-00C04F79EFBC}") = "Result", "Result\Result.csproj", "{BFED49E0-2264-4451-91BB-EB147BCA63F5}"
EndProject
Project("{FAE04EC0-301F-11D3-BF4B-00C04F79EFBC}") = "Tests", "Tests\Tests.csproj", "{6C5377B8-9010-4156-8ABD-3AB4AFE0C0B5}"
EndProject
Global
	GlobalSection(SolutionConfigurationPlatforms) = preSolution
		Debug|Any CPU = Debug|Any CPU
		Release|Any CPU = Release|Any CPU
	EndGlobalSection
	GlobalSection(ProjectConfigurationPlatforms) = postSolution
		{BFED49E0-2264-4451-91BB-EB147BCA63F5}.Debug|Any CPU.ActiveCfg = Debug|Any CPU
		{BFED49E0-2264-4451-91BB-EB147BCA63F5}.Debug|Any CPU.Build.0 = Debug|Any CPU
		{BFED49E0-2264-4451-91BB-EB147BCA63F5}.Release|Any CPU.ActiveCfg = Release|Any CPU
		{BFED49E0-2264-4451-91BB-EB147BCA63F5}.Release|Any CPU.Build.0 = Release|Any CPU
		{6C5377B8-9010-4156-8ABD-3AB4AFE0C0B5}.Debug|Any CPU.ActiveCfg = Debug|Any CPU
		{6C5377B8-9010-4156-8ABD-3AB4AFE0C0B5}.Debug|Any CPU.Build.0 = Debug|Any CPU
		{6C5377B8-9010-4156-8ABD-3AB4AFE0C0B5}.Release|Any CPU.ActiveCfg = Release|Any CPU
		{6C5377B8-9010-4156-8ABD-3AB4AFE0C0B5}.Release|Any CPU.Build.0 = Release|Any CPU
	EndGlobalSection
EndGlobal
